
Microsoft Visual Studio Solution File, Format Version 12.00
# Visual Studio Version 17
VisualStudioVersion = 17.3.32825.248
MinimumVisualStudioVersion = 10.0.40219.1
Project("{FAE04EC0-301F-11D3-BF4B-00C04F79EFBC}") = "ejemploPaLoPI", "ejemploPaLoPI.csproj", "{6ECCE6F0-9185-4282-AD77-2911926DA6A7}"
EndProject
Global
	GlobalSection(SolutionConfigurationPlatforms) = preSolution
		Debug|Any CPU = Debug|Any CPU
		Release|Any CPU = Release|Any CPU
	EndGlobalSection
	GlobalSection(ProjectConfigurationPlatforms) = postSolution
		{6ECCE6F0-9185-4282-AD77-2911926DA6A7}.Debug|Any CPU.ActiveCfg = Debug|Any CPU
		{6ECCE6F0-9185-4282-AD77-2911926DA6A7}.Debug|Any CPU.Build.0 = Debug|Any CPU
		{6ECCE6F0-9185-4282-AD77-2911926DA6A7}.Release|Any CPU.ActiveCfg = Release|Any CPU
		{6ECCE6F0-9185-4282-AD77-2911926DA6A7}.Release|Any CPU.Build.0 = Release|Any CPU
	EndGlobalSection
	GlobalSection(SolutionProperties) = preSolution
		HideSolutionNode = FALSE
	EndGlobalSection
	GlobalSection(ExtensibilityGlobals) = postSolution
		SolutionGuid = {1C49EB80-E55C-4A59-A8E7-3A7A6BB2BA32}
	EndGlobalSection
EndGlobal
